// !$*UTF8*$!
{
	archiveVersion = 1;
	classes = {
	};
	objectVersion = 50;
	objects = {

/* Begin PBXBuildFile section */
		FA082AC12415C722009D5AF8 /* Lab - Use Documentation.swift in Sources */ = {isa = PBXBuildFile; fileRef = FA082AC02415C722009D5AF8 /* Lab - Use Documentation.swift */; };
		FAF5DA0424156ED30013AE24 /* AppDelegate.swift in Sources */ = {isa = PBXBuildFile; fileRef = FAF5DA0324156ED30013AE24 /* AppDelegate.swift */; };
		FAF5DA0624156ED30013AE24 /* SceneDelegate.swift in Sources */ = {isa = PBXBuildFile; fileRef = FAF5DA0524156ED30013AE24 /* SceneDelegate.swift */; };
		FAF5DA0824156ED30013AE24 /* ViewController.swift in Sources */ = {isa = PBXBuildFile; fileRef = FAF5DA0724156ED30013AE24 /* ViewController.swift */; };
		FAF5DA0B24156ED30013AE24 /* Main.storyboard in Resources */ = {isa = PBXBuildFile; fileRef = FAF5DA0924156ED30013AE24 /* Main.storyboard */; };
		FAF5DA0D24156ED50013AE24 /* Assets.xcassets in Resources */ = {isa = PBXBuildFile; fileRef = FAF5DA0C24156ED50013AE24 /* Assets.xcassets */; };
		FAF5DA1024156ED50013AE24 /* LaunchScreen.storyboard in Resources */ = {isa = PBXBuildFile; fileRef = FAF5DA0E24156ED50013AE24 /* LaunchScreen.storyboard */; };
		FAF5DA1924156F6C0013AE24 /* MapKit.framework in Frameworks */ = {isa = PBXBuildFile; fileRef = FAF5DA1824156F6C0013AE24 /* MapKit.framework */; };
/* End PBXBuildFile section */

/* Begin PBXFileReference section */
		FA082AC02415C722009D5AF8 /* Lab - Use Documentation.swift */ = {isa = PBXFileReference; lastKnownFileType = sourcecode.swift; path = "Lab - Use Documentation.swift"; sourceTree = "<group>"; };
		FAF5DA0024156ED30013AE24 /* Tester.app */ = {isa = PBXFileReference; explicitFileType = wrapper.application; includeInIndex = 0; path = Tester.app; sourceTree = BUILT_PRODUCTS_DIR; };
		FAF5DA0324156ED30013AE24 /* AppDelegate.swift */ = {isa = PBXFileReference; lastKnownFileType = sourcecode.swift; path = AppDelegate.swift; sourceTree = "<group>"; };
		FAF5DA0524156ED30013AE24 /* SceneDelegate.swift */ = {isa = PBXFileReference; lastKnownFileType = sourcecode.swift; path = SceneDelegate.swift; sourceTree = "<group>"; };
		FAF5DA0724156ED30013AE24 /* ViewController.swift */ = {isa = PBXFileReference; lastKnownFileType = sourcecode.swift; path = ViewController.swift; sourceTree = "<group>"; };
		FAF5DA0A24156ED30013AE24 /* Base */ = {isa = PBXFileReference; lastKnownFileType = file.storyboard; name = Base; path = Base.lproj/Main.storyboard; sourceTree = "<group>"; };
		FAF5DA0C24156ED50013AE24 /* Assets.xcassets */ = {isa = PBXFileReference; lastKnownFileType = folder.assetcatalog; path = Assets.xcassets; sourceTree = "<group>"; };
		FAF5DA0F24156ED50013AE24 /* Base */ = {isa = PBXFileReference; lastKnownFileType = file.storyboard; name = Base; path = Base.lproj/LaunchScreen.storyboard; sourceTree = "<group>"; };
		FAF5DA1124156ED50013AE24 /* Info.plist */ = {isa = PBXFileReference; lastKnownFileType = text.plist.xml; path = Info.plist; sourceTree = "<group>"; };
		FAF5DA1824156F6C0013AE24 /* MapKit.framework */ = {isa = PBXFileReference; lastKnownFileType = wrapper.framework; name = MapKit.framework; path = System/Library/Frameworks/MapKit.framework; sourceTree = SDKROOT; };
/* End PBXFileReference section */

/* Begin PBXFrameworksBuildPhase section */
		FAF5D9FD24156ED30013AE24 /* Frameworks */ = {
			isa = PBXFrameworksBuildPhase;
			buildActionMask = 2147483647;
			files = (
				FAF5DA1924156F6C0013AE24 /* MapKit.framework in Frameworks */,
			);
			runOnlyForDeploymentPostprocessing = 0;
		};
/* End PBXFrameworksBuildPhase section */

/* Begin PBXGroup section */
		FAF5D9F724156ED30013AE24 = {
			isa = PBXGroup;
			children = (
				FAF5DA0224156ED30013AE24 /* Tester */,
				FAF5DA0124156ED30013AE24 /* Products */,
				FAF5DA1724156F6C0013AE24 /* Frameworks */,
			);
			sourceTree = "<group>";
		};
		FAF5DA0124156ED30013AE24 /* Products */ = {
			isa = PBXGroup;
			children = (
				FAF5DA0024156ED30013AE24 /* Tester.app */,
			);
			name = Products;
			sourceTree = "<group>";
		};
		FAF5DA0224156ED30013AE24 /* Tester */ = {
			isa = PBXGroup;
			children = (
				FAF5DA0324156ED30013AE24 /* AppDelegate.swift */,
				FAF5DA0524156ED30013AE24 /* SceneDelegate.swift */,
				FAF5DA0724156ED30013AE24 /* ViewController.swift */,
				FA082AC02415C722009D5AF8 /* Lab - Use Documentation.swift */,
				FAF5DA0924156ED30013AE24 /* Main.storyboard */,
				FAF5DA0C24156ED50013AE24 /* Assets.xcassets */,
				FAF5DA0E24156ED50013AE24 /* LaunchScreen.storyboard */,
				FAF5DA1124156ED50013AE24 /* Info.plist */,
			);
			path = Tester;
			sourceTree = "<group>";
		};
		FAF5DA1724156F6C0013AE24 /* Frameworks */ = {
			isa = PBXGroup;
			children = (
				FAF5DA1824156F6C0013AE24 /* MapKit.framework */,
			);
			name = Frameworks;
			sourceTree = "<group>";
		};
/* End PBXGroup section */

/* Begin PBXNativeTarget section */
		FAF5D9FF24156ED30013AE24 /* Tester */ = {
			isa = PBXNativeTarget;
			buildConfigurationList = FAF5DA1424156ED50013AE24 /* Build configuration list for PBXNativeTarget "Tester" */;
			buildPhases = (
				FAF5D9FC24156ED30013AE24 /* Sources */,
				FAF5D9FD24156ED30013AE24 /* Frameworks */,
				FAF5D9FE24156ED30013AE24 /* Resources */,
			);
			buildRules = (
			);
			dependencies = (
			);
			name = Tester;
			productName = Tester;
			productReference = FAF5DA0024156ED30013AE24 /* Tester.app */;
			productType = "com.apple.product-type.application";
		};
/* End PBXNativeTarget section */

/* Begin PBXProject section */
		FAF5D9F824156ED30013AE24 /* Project object */ = {
			isa = PBXProject;
			attributes = {
				LastSwiftUpdateCheck = 1130;
				LastUpgradeCheck = 1130;
				ORGANIZATIONNAME = "Mr Steven A Weiss";
				TargetAttributes = {
					FAF5D9FF24156ED30013AE24 = {
						CreatedOnToolsVersion = 11.3;
					};
				};
			};
			buildConfigurationList = FAF5D9FB24156ED30013AE24 /* Build configuration list for PBXProject "Tester" */;
			compatibilityVersion = "Xcode 9.3";
			developmentRegion = en;
			hasScannedForEncodings = 0;
			knownRegions = (
				en,
				Base,
			);
			mainGroup = FAF5D9F724156ED30013AE24;
			productRefGroup = FAF5DA0124156ED30013AE24 /* Products */;
			projectDirPath = "";
			projectRoot = "";
			targets = (
				FAF5D9FF24156ED30013AE24 /* Tester */,
			);
		};
/* End PBXProject section */

/* Begin PBXResourcesBuildPhase section */
		FAF5D9FE24156ED30013AE24 /* Resources */ = {
			isa = PBXResourcesBuildPhase;
			buildActionMask = 2147483647;
			files = (
				FAF5DA1024156ED50013AE24 /* LaunchScreen.storyboard in Resources */,
				FAF5DA0D24156ED50013AE24 /* Assets.xcassets in Resources */,
				FAF5DA0B24156ED30013AE24 /* Main.storyboard in Resources */,
			);
			runOnlyForDeploymentPostprocessing = 0;
		};
/* End PBXResourcesBuildPhase section */

/* Begin PBXSourcesBuildPhase section */
		FAF5D9FC24156ED30013AE24 /* Sources */ = {
			isa = PBXSourcesBuildPhase;
			buildActionMask = 2147483647;
			files = (
				FAF5DA0824156ED30013AE24 /* ViewController.swift in Sources */,
				FAF5DA0424156ED30013AE24 /* AppDelegate.swift in Sources */,
				FAF5DA0624156ED30013AE24 /* SceneDelegate.swift in Sources */,
				FA082AC12415C722009D5AF8 /* Lab - Use Documentation.swift in Sources */,
			);
			runOnlyForDeploymentPostprocessing = 0;
		};
/* End PBXSourcesBuildPhase section */

/* Begin PBXVariantGroup section */
		FAF5DA0924156ED30013AE24 /* Main.storyboard */ = {
			isa = PBXVariantGroup;
			children = (
				FAF5DA0A24156ED30013AE24 /* Base */,
			);
			name = Main.storyboard;
			sourceTree = "<group>";
		};
		FAF5DA0E24156ED50013AE24 /* LaunchScreen.storyboard */ = {
			isa = PBXVariantGroup;
			children = (
				FAF5DA0F24156ED50013AE24 /* Base */,
			);
			name = LaunchScreen.storyboard;
			sourceTree = "<group>";
		};
/* End PBXVariantGroup section */

/* Begin XCBuildConfiguration section */
		FAF5DA1224156ED50013AE24 /* Debug */ = {
			isa = XCBuildConfiguration;
			buildSettings = {
				ALWAYS_SEARCH_USER_PATHS = NO;
				CLANG_ANALYZER_NONNULL = YES;
				CLANG_ANALYZER_NUMBER_OBJECT_CONVERSION = YES_AGGRESSIVE;
				CLANG_CXX_LANGUAGE_STANDARD = "gnu++14";
				CLANG_CXX_LIBRARY = "libc++";
				CLANG_ENABLE_MODULES = YES;
				CLANG_ENABLE_OBJC_ARC = YES;
				CLANG_ENABLE_OBJC_WEAK = YES;
				CLANG_WARN_BLOCK_CAPTURE_AUTORELEASING = YES;
				CLANG_WARN_BOOL_CONVERSION = YES;
				CLANG_WARN_COMMA = YES;
				CLANG_WARN_CONSTANT_CONVERSION = YES;
				CLANG_WARN_DEPRECATED_OBJC_IMPLEMENTATIONS = YES;
				CLANG_WARN_DIRECT_OBJC_ISA_USAGE = YES_ERROR;
				CLANG_WARN_DOCUMENTATION_COMMENTS = YES;
				CLANG_WARN_EMPTY_BODY = YES;
				CLANG_WARN_ENUM_CONVERSION = YES;
				CLANG_WARN_INFINITE_RECURSION = YES;
				CLANG_WARN_INT_CONVERSION = YES;
				CLANG_WARN_NON_LITERAL_NULL_CONVERSION = YES;
				CLANG_WARN_OBJC_IMPLICIT_RETAIN_SELF = YES;
				CLANG_WARN_OBJC_LITERAL_CONVERSION = YES;
				CLANG_WARN_OBJC_ROOT_CLASS = YES_ERROR;
				CLANG_WARN_RANGE_LOOP_ANALYSIS = YES;
				CLANG_WARN_STRICT_PROTOTYPES = YES;
				CLANG_WARN_SUSPICIOUS_MOVE = YES;
				CLANG_WARN_UNGUARDED_AVAILABILITY = YES_AGGRESSIVE;
				CLANG_WARN_UNREACHABLE_CODE = YES;
				CLANG_WARN__DUPLICATE_METHOD_MATCH = YES;
				COPY_PHASE_STRIP = NO;
				DEBUG_INFORMATION_FORMAT = dwarf;
				ENABLE_STRICT_OBJC_MSGSEND = YES;
				ENABLE_TESTABILITY = YES;
				GCC_C_LANGUAGE_STANDARD = gnu11;
				GCC_DYNAMIC_NO_PIC = NO;
				GCC_NO_COMMON_BLOCKS = YES;
				GCC_OPTIMIZATION_LEVEL = 0;
				GCC_PREPROCESSOR_DEFINITIONS = (
					"DEBUG=1",
					"$(inherited)",
				);
				GCC_WARN_64_TO_32_BIT_CONVERSION = YES;
				GCC_WARN_ABOUT_RETURN_TYPE = YES_ERROR;
				GCC_WARN_UNDECLARED_SELECTOR = YES;
				GCC_WARN_UNINITIALIZED_AUTOS = YES_AGGRESSIVE;
				GCC_WARN_UNUSED_FUNCTION = YES;
				GCC_WARN_UNUSED_VARIABLE = YES;
				IPHONEOS_DEPLOYMENT_TARGET = 13.2;
				MTL_ENABLE_DEBUG_INFO = INCLUDE_SOURCE;
				MTL_FAST_MATH = YES;
				ONLY_ACTIVE_ARCH = YES;
				SDKROOT = iphoneos;
				SWIFT_ACTIVE_COMPILATION_CONDITIONS = DEBUG;
				SWIFT_OPTIMIZATION_LEVEL = "-Onone";
			};
			name = Debug;
		};
		FAF5DA1324156ED50013AE24 /* Release */ = {
			isa = XCBuildConfiguration;
			buildSettings = {
				ALWAYS_SEARCH_USER_PATHS = NO;
				CLANG_ANALYZER_NONNULL = YES;
				CLANG_ANALYZER_NUMBER_OBJECT_CONVERSION = YES_AGGRESSIVE;
				CLANG_CXX_LANGUAGE_STANDARD = "gnu++14";
				CLANG_CXX_LIBRARY = "libc++";
				CLANG_ENABLE_MODULES = YES;
				CLANG_ENABLE_OBJC_ARC = YES;
				CLANG_ENABLE_OBJC_WEAK = YES;
				CLANG_WARN_BLOCK_CAPTURE_AUTORELEASING = YES;
				CLANG_WARN_BOOL_CONVERSION = YES;
				CLANG_WARN_COMMA = YES;
				CLANG_WARN_CONSTANT_CONVERSION = YES;
				CLANG_WARN_DEPRECATED_OBJC_IMPLEMENTATIONS = YES;
				CLANG_WARN_DIRECT_OBJC_ISA_USAGE = YES_ERROR;
				CLANG_WARN_DOCUMENTATION_COMMENTS = YES;
				CLANG_WARN_EMPTY_BODY = YES;
				CLANG_WARN_ENUM_CONVERSION = YES;
				CLANG_WARN_INFINITE_RECURSION = YES;
				CLANG_WARN_INT_CONVERSION = YES;
				CLANG_WARN_NON_LITERAL_NULL_CONVERSION = YES;
				CLANG_WARN_OBJC_IMPLICIT_RETAIN_SELF = YES;
				CLANG_WARN_OBJC_LITERAL_CONVERSION = YES;
				CLANG_WARN_OBJC_ROOT_CLASS = YES_ERROR;
				CLANG_WARN_RANGE_LOOP_ANALYSIS = YES;
				CLANG_WARN_STRICT_PROTOTYPES = YES;
				CLANG_WARN_SUSPICIOUS_MOVE = YES;
				CLANG_WARN_UNGUARDED_AVAILABILITY = YES_AGGRESSIVE;
				CLANG_WARN_UNREACHABLE_CODE = YES;
				CLANG_WARN__DUPLICATE_METHOD_MATCH = YES;
				COPY_PHASE_STRIP = NO;
				DEBUG_INFORMATION_FORMAT = "dwarf-with-dsym";
				ENABLE_NS_ASSERTIONS = NO;
				ENABLE_STRICT_OBJC_MSGSEND = YES;
				GCC_C_LANGUAGE_STANDARD = gnu11;
				GCC_NO_COMMON_BLOCKS = YES;
				GCC_WARN_64_TO_32_BIT_CONVERSION = YES;
				GCC_WARN_ABOUT_RETURN_TYPE = YES_ERROR;
				GCC_WARN_UNDECLARED_SELECTOR = YES;
				GCC_WARN_UNINITIALIZED_AUTOS = YES_AGGRESSIVE;
				GCC_WARN_UNUSED_FUNCTION = YES;
				GCC_WARN_UNUSED_VARIABLE = YES;
				IPHONEOS_DEPLOYMENT_TARGET = 13.2;
				MTL_ENABLE_DEBUG_INFO = NO;
				MTL_FAST_MATH = YES;
				SDKROOT = iphoneos;
				SWIFT_COMPILATION_MODE = wholemodule;
				SWIFT_OPTIMIZATION_LEVEL = "-O";
				VALIDATE_PRODUCT = YES;
			};
			name = Release;
		};
		FAF5DA1524156ED50013AE24 /* Debug */ = {
			isa = XCBuildConfiguration;
			buildSettings = {
				ASSETCATALOG_COMPILER_APPICON_NAME = AppIcon;
				CODE_SIGN_STYLE = Automatic;
				DEVELOPMENT_TEAM = 7K444UQT43;
				INFOPLIST_FILE = Tester/Info.plist;
				IPHONEOS_DEPLOYMENT_TARGET = 13.0;
				LD_RUNPATH_SEARCH_PATHS = (
					"$(inherited)",
					"@executable_path/Frameworks",
				);
				PRODUCT_BUNDLE_IDENTIFIER = mrstevenaweiss.me.Tester;
				PRODUCT_NAME = "$(TARGET_NAME)";
				SWIFT_VERSION = 5.0;
				TARGETED_DEVICE_FAMILY = 1;
			};
			name = Debug;
		};
		FAF5DA1624156ED50013AE24 /* Release */ = {
			isa = XCBuildConfiguration;
			buildSettings = {
				ASSETCATALOG_COMPILER_APPICON_NAME = AppIcon;
				CODE_SIGN_STYLE = Automatic;
				DEVELOPMENT_TEAM = 7K444UQT43;
				INFOPLIST_FILE = Tester/Info.plist;
				IPHONEOS_DEPLOYMENT_TARGET = 13.0;
				LD_RUNPATH_SEARCH_PATHS = (
					"$(inherited)",
					"@executable_path/Frameworks",
				);
				PRODUCT_BUNDLE_IDENTIFIER = mrstevenaweiss.me.Tester;
				PRODUCT_NAME = "$(TARGET_NAME)";
				SWIFT_VERSION = 5.0;
				TARGETED_DEVICE_FAMILY = 1;
			};
			name = Release;
		};
/* End XCBuildConfiguration section */

/* Begin XCConfigurationList section */
		FAF5D9FB24156ED30013AE24 /* Build configuration list for PBXProject "Tester" */ = {
			isa = XCConfigurationList;
			buildConfigurations = (
				FAF5DA1224156ED50013AE24 /* Debug */,
				FAF5DA1324156ED50013AE24 /* Release */,
			);
			defaultConfigurationIsVisible = 0;
			defaultConfigurationName = Release;
		};
		FAF5DA1424156ED50013AE24 /* Build configuration list for PBXNativeTarget "Tester" */ = {
			isa = XCConfigurationList;
			buildConfigurations = (
				FAF5DA1524156ED50013AE24 /* Debug */,
				FAF5DA1624156ED50013AE24 /* Release */,
			);
			defaultConfigurationIsVisible = 0;
			defaultConfigurationName = Release;
		};
/* End XCConfigurationList section */
	};
	rootObject = FAF5D9F824156ED30013AE24 /* Project object */;
}
